lockfileVersion: '9.0'

settings:
  autoInstallPeers: true
  excludeLinksFromLockfile: false

overrides:
  tailwindcss>nanoid: 3.3.7

patchedDependencies:
  wouter@3.7.1:
    hash: 4e16e6ff3fde7d6c1024d3e0c8605dc9eb6afb690d0d49958c2f449091813072
    path: patches/wouter@3.7.1.patch

importers:

  .:
    dependencies:
      '@aws-sdk/client-s3':
        specifier: ^3.693.0
        version: 3.1031.0
      '@aws-sdk/s3-request-presigner':
        specifier: ^3.693.0
        version: 3.1031.0
      '@hookform/resolvers':
        specifier: ^5.2.2
        version: 5.2.2(react-hook-form@7.64.0(react@19.2.1))
      '@radix-ui/react-accordion':
        specifier: ^1.2.12
        version: 1.2.12(@types/react-dom@19.2.1(@types/react@19.2.1))(@types/react@19.2.1)(react-dom@19.2.1(react@19.2.1))(react@19.2.1)
      '@radix-ui/react-alert-dialog':
        specifier: ^1.1.15
        version: 1.1.15(@types/react-dom@19.2.1(@types/react@19.2.1))(@types/react@19.2.1)(react-dom@19.2.1(react@19.2.1))(react@19.2.1)
      '@radix-ui/react-aspect-ratio':
        specifier: ^1.1.7
        version: 1.1.7(@types/react-dom@19.2.1(@types/react@19.2.1))(@types/react@19.2.1)(react-dom@19.2.1(react@19.2.1))(react@19.2.1)
      '@radix-ui/react-avatar':
        specifier: ^1.1.10
        version: 1.1.10(@types/react-dom@19.2.1(@types/react@19.2.1))(@types/react@19.2.1)(react-dom@19.2.1(react@19.2.1))(react@19.2.1)
      '@radix-ui/react-checkbox':
        specifier: ^1.3.3
        version: 1.3.3(@types/react-dom@19.2.1(@types/react@19.2.1))(@types/react@19.2.1)(react-dom@19.2.1(react@19.2.1))(react@19.2.1)
      '@radix-ui/react-collapsible':
        specifier: ^1.1.12
        version: 1.1.12(@types/react-dom@19.2.1(@types/react@19.2.1))(@types/react@19.2.1)(react-dom@19.2.1(react@19.2.1))(react@19.2.1)
      '@radix-ui/react-context-menu':
        specifier: ^2.2.16
        version: 2.2.16(@types/react-dom@19.2.1(@types/react@19.2.1))(@types/react@19.2.1)(react-dom@19.2.1(react@19.2.1))(react@19.2.1)
      '@radix-ui/react-dialog':
        specifier: ^1.1.15
        version: 1.1.15(@types/react-dom@19.2.1(@types/react@19.2.1))(@types/react@19.2.1)(react-dom@19.2.1(react@19.2.1))(react@19.2.1)
      '@radix-ui/react-dropdown-menu':
        specifier: ^2.1.16
        version: 2.1.16(@types/react-dom@19.2.1(@types/react@19.2.1))(@types/react@19.2.1)(react-dom@19.2.1(react@19.2.1))(react@19.2.1)
      '@radix-ui/react-hover-card':
        specifier: ^1.1.15
        version: 1.1.15(@types/react-dom@19.2.1(@types/react@19.2.1))(@types/react@19.2.1)(react-dom@19.2.1(react@19.2.1))(react@19.2.1)
      '@radix-ui/react-label':
        specifier: ^2.1.7
        version: 2.1.7(@types/react-dom@19.2.1(@types/react@19.2.1))(@types/react@19.2.1)(react-dom@19.2.1(react@19.2.1))(react@19.2.1)
      '@radix-ui/react-menubar':
        specifier: ^1.1.16
        version: 1.1.16(@types/react-dom@19.2.1(@types/react@19.2.1))(@types/react@19.2.1)(react-dom@19.2.1(react@19.2.1))(react@19.2.1)
      '@radix-ui/react-navigation-menu':
        specifier: ^1.2.14
        version: 1.2.14(@types/react-dom@19.2.1(@types/react@19.2.1))(@types/react@19.2.1)(react-dom@19.2.1(react@19.2.1))(react@19.2.1)
      '@radix-ui/react-popover':
        specifier: ^1.1.15
        version: 1.1.15(@types/react-dom@19.2.1(@types/react@19.2.1))(@types/react@19.2.1)(react-dom@19.2.1(react@19.2.1))(react@19.2.1)
      '@radix-ui/react-progress':
        specifier: ^1.1.7
        version: 1.1.7(@types/react-dom@19.2.1(@types/react@19.2.1))(@types/react@19.2.1)(react-dom@19.2.1(react@19.2.1))(react@19.2.1)
      '@radix-ui/react-radio-group':
        specifier: ^1.3.8
        version: 1.3.8(@types/react-dom@19.2.1(@types/react@19.2.1))(@types/react@19.2.1)(react-dom@19.2.1(react@19.2.1))(react@19.2.1)
      '@radix-ui/react-scroll-area':
        specifier: ^1.2.10
        version: 1.2.10(@types/react-dom@19.2.1(@types/react@19.2.1))(@types/react@19.2.1)(react-dom@19.2.1(react@19.2.1))(react@19.2.1)
      '@radix-ui/react-select':
        specifier: ^2.2.6
        version: 2.2.6(@types/react-dom@19.2.1(@types/react@19.2.1))(@types/react@19.2.1)(react-dom@19.2.1(react@19.2.1))(react@19.2.1)
      '@radix-ui/react-separator':
        specifier: ^1.1.7
        version: 1.1.7(@types/react-dom@19.2.1(@types/react@19.2.1))(@types/react@19.2.1)(react-dom@19.2.1(react@19.2.1))(react@19.2.1)
      '@radix-ui/react-slider':
        specifier: ^1.3.6
        version: 1.3.6(@types/react-dom@19.2.1(@types/react@19.2.1))(@types/react@19.2.1)(react-dom@19.2.1(react@19.2.1))(react@19.2.1)
      '@radix-ui/react-slot':
        specifier: ^1.2.3
        version: 1.2.3(@types/react@19.2.1)(react@19.2.1)
      '@radix-ui/react-switch':
        specifier: ^1.2.6
        version: 1.2.6(@types/react-dom@19.2.1(@types/react@19.2.1))(@types/react@19.2.1)(react-dom@19.2.1(react@19.2.1))(react@19.2.1)
      '@radix-ui/react-tabs':
        specifier: ^1.1.13
        version: 1.1.13(@types/react-dom@19.2.1(@types/react@19.2.1))(@types/react@19.2.1)(react-dom@19.2.1(react@19.2.1))(react@19.2.1)
      '@radix-ui/react-toggle':
        specifier: ^1.1.10
        version: 1.1.10(@types/react-dom@19.2.1(@types/react@19.2.1))(@types/react@19.2.1)(react-dom@19.2.1(react@19.2.1))(react@19.2.1)
      '@radix-ui/react-toggle-group':
        specifier: ^1.1.11
        version: 1.1.11(@types/react-dom@19.2.1(@types/react@19.2.1))(@types/react@19.2.1)(react-dom@19.2.1(react@19.2.1))(react@19.2.1)
      '@radix-ui/react-tooltip':
        specifier: ^1.2.8
        version: 1.2.8(@types/react-dom@19.2.1(@types/react@19.2.1))(@types/react@19.2.1)(react-dom@19.2.1(react@19.2.1))(react@19.2.1)
      '@tanstack/react-query':
        specifier: ^5.90.2
        version: 5.99.0(react@19.2.1)
      '@trpc/client':
        specifier: ^11.6.0
        version: 11.16.0(@trpc/server@11.16.0(typescript@5.9.3))(typescript@5.9.3)
      '@trpc/react-query':
        specifier: ^11.6.0
        version: 11.16.0(@tanstack/react-query@5.99.0(react@19.2.1))(@trpc/client@11.16.0(@trpc/server@11.16.0(typescript@5.9.3))(typescript@5.9.3))(@trpc/server@11.16.0(typescript@5.9.3))(react@19.2.1)(typescript@5.9.3)
      '@trpc/server':
        specifier: ^11.6.0
        version: 11.16.0(typescript@5.9.3)
      axios:
        specifier: ^1.12.0
        version: 1.15.2
      class-variance-authority:
        specifier: ^0.7.1
        version: 0.7.1
      clsx:
        specifier: ^2.1.1
        version: 2.1.1
      cmdk:
        specifier: ^1.1.1
        version: 1.1.1(@types/react-dom@19.2.1(@types/react@19.2.1))(@types/react@19.2.1)(react-dom@19.2.1(react@19.2.1))(react@19.2.1)
      cookie:
        specifier: ^1.0.2
        version: 1.1.1
      date-fns:
        specifier: ^4.1.0
        version: 4.1.0
      dotenv:
        specifier: ^17.2.2
        version: 17.4.2
      drizzle-orm:
        specifier: ^0.44.5
        version: 0.45.2(mysql2@3.22.1(@types/node@24.7.0))
      embla-carousel-react:
        specifier: ^8.6.0
        version: 8.6.0(react@19.2.1)
      express:
        specifier: ^4.21.2
        version: 4.21.2
      framer-motion:
        specifier: ^12.23.22
        version: 12.23.22(react-dom@19.2.1(react@19.2.1))(react@19.2.1)
      input-otp:
        specifier: ^1.4.2
        version: 1.4.2(react-dom@19.2.1(react@19.2.1))(react@19.2.1)
      jose:
        specifier: 6.1.0
        version: 6.1.0
      lucide-react:
        specifier: ^0.453.0
        version: 0.453.0(react@19.2.1)
      mysql2:
        specifier: ^3.15.0
        version: 3.22.1(@types/node@24.7.0)
      nanoid:
        specifier: ^5.1.5
        version: 5.1.6
      next-themes:
        specifier: ^0.4.6
        version: 0.4.6(react-dom@19.2.1(react@19.2.1))(react@19.2.1)
      react:
        specifier: ^19.2.1
        version: 19.2.1
      react-day-picker:
        specifier: ^9.11.1
        version: 9.11.1(react@19.2.1)
      react-dom:
        specifier: ^19.2.1
        version: 19.2.1(react@19.2.1)
      react-hook-form:
        specifier: ^7.64.0
        version: 7.64.0(react@19.2.1)
      react-resizable-panels:
        specifier: ^3.0.6
        version: 3.0.6(react-dom@19.2.1(react@19.2.1))(react@19.2.1)
      recharts:
        specifier: ^2.15.2
        version: 2.15.4(react-dom@19.2.1(react@19.2.1))(react@19.2.1)
      resend:
        specifier: ^6.12.0
        version: 6.12.0
      sonner:
        specifier: ^2.0.7
        version: 2.0.7(react-dom@19.2.1(react@19.2.1))(react@19.2.1)
      streamdown:
        specifier: ^1.4.0
        version: 1.4.0(@types/react@19.2.1)(react@19.2.1)
      superjson:
        specifier: ^1.13.3
        version: 1.13.3
      tailwind-merge:
        specifier: ^3.3.1
        version: 3.3.1
      tailwindcss-animate:
        specifier: ^1.0.7
        version: 1.0.7(tailwindcss@4.1.14)
      vaul:
        specifier: ^1.1.2
        version: 1.1.2(@types/react-dom@19.2.1(@types/react@19.2.1))(@types/react@19.2.1)(react-dom@19.2.1(react@19.2.1))(react@19.2.1)
      wouter:
        specifier: ^3.3.5
        version: 3.7.1(patch_hash=4e16e6ff3fde7d6c1024d3e0c8605dc9eb6afb690d0d49958c2f449091813072)(react@19.2.1)
      zod:
        specifier: ^4.1.12
        version: 4.1.12
    devDependencies:
      '@builder.io/vite-plugin-jsx-loc':
        specifier: ^0.1.1
        version: 0.1.1(vite@7.3.2(@types/node@24.7.0)(jiti@2.6.1)(lightningcss@1.30.1)(tsx@4.21.0))
      '@tailwindcss/typography':
        specifier: ^0.5.15
        version: 0.5.19(tailwindcss@4.1.14)
      '@tailwindcss/vite':
        specifier: ^4.1.3
        version: 4.1.14(vite@7.3.2(@types/node@24.7.0)(jiti@2.6.1)(lightningcss@1.30.1)(tsx@4.21.0))
      '@types/express':
        specifier: 4.17.21
        version: 4.17.21
      '@types/google.maps':
        specifier: ^3.58.1
        version: 3.58.1
      '@types/node':
        specifier: ^24.7.0
        version: 24.7.0
      '@types/react':
        specifier: ^19.2.1
        version: 19.2.1
      '@types/react-dom':
        specifier: ^19.2.1
        version: 19.2.1(@types/react@19.2.1)
      '@vitejs/plugin-react':
        specifier: ^5.0.4
        version: 5.0.4(vite@7.3.2(@types/node@24.7.0)(jiti@2.6.1)(lightningcss@1.30.1)(tsx@4.21.0))
      add:
        specifier: ^2.0.6
        version: 2.0.6
      autoprefixer:
        specifier: ^10.4.20
        version: 10.4.21(postcss@8.5.10)
      drizzle-kit:
        specifier: ^0.31.4
        version: 0.31.10
      esbuild:
        specifier: ^0.25.0
        version: 0.25.11
      pnpm:
        specifier: ^10.15.1
        version: 10.28.2
      postcss:
        specifier: ^8.4.47
        version: 8.5.10
      prettier:
        specifier: ^3.6.2
        version: 3.6.2
      tailwindcss:
        specifier: ^4.1.14
        version: 4.1.14
      tsx:
        specifier: ^4.19.1
        version: 4.21.0
      tw-animate-css:
        specifier: ^1.4.0
        version: 1.4.0
      typescript:
        specifier: 5.9.3
        version: 5.9.3
      vite:
        specifier: ^7.1.7
        version: 7.3.2(@types/node@24.7.0)(jiti@2.6.1)(lightningcss@1.30.1)(tsx@4.21.0)
      vite-plugin-manus-runtime:
        specifier: ^0.0.57
        version: 0.0.57
      vitest:
        specifier: ^2.1.4
        version: 2.1.9(@types/node@24.7.0)(lightningcss@1.30.1)
